
Microsoft Visual Studio Solution File, Format Version 12.00
# Visual Studio 14
VisualStudioVersion = 14.0.25420.1
MinimumVisualStudioVersion = 10.0.40219.1
Project("{FAE04EC0-301F-11D3-BF4B-00C04F79EFBC}") = "CMS.Web", "CMS.Web\CMS.Web.csproj", "{83F14A73-7EA2-4EAD-8239-03765CC44435}"
	ProjectSection(ProjectDependencies) = postProject
		{4B573F06-B754-465F-B94B-94C4BF1D5012} = {4B573F06-B754-465F-B94B-94C4BF1D5012}
		{E478C04A-19CD-4F87-B91E-51E42EB88F98} = {E478C04A-19CD-4F87-B91E-51E42EB88F98}
	EndProjectSection
EndProject
Project("{FAE04EC0-301F-11D3-BF4B-00C04F79EFBC}") = "CMS.Tests", "CMS.Tests\CMS.Tests.csproj", "{CE77803C-6353-4B17-9289-B6C62DEB391F}"
EndProject
Project("{2150E333-8FDC-42A3-9474-1A3956D46DE8}") = "Components", "Components", "{A63E199D-B4EB-4C36-9F96-6262DDD18CD2}"
EndProject
Project("{FAE04EC0-301F-11D3-BF4B-00C04F79EFBC}") = "CMS.Core", "CMS.Core\CMS.Core.csproj", "{E68FE647-C3A5-4168-B904-5EA7DF0D3C09}"
EndProject
Project("{FAE04EC0-301F-11D3-BF4B-00C04F79EFBC}") = "ComArticles", "Components\ComArticles\ComArticles.csproj", "{E478C04A-19CD-4F87-B91E-51E42EB88F98}"
EndProject
Project("{FAE04EC0-301F-11D3-BF4B-00C04F79EFBC}") = "ComCategories", "Components\ComCategories\ComCategories.csproj", "{4B573F06-B754-465F-B94B-94C4BF1D5012}"
EndProject
Global
	GlobalSection(SolutionConfigurationPlatforms) = preSolution
		Debug|Any CPU = Debug|Any CPU
		Debug|x64 = Debug|x64
		Debug|x86 = Debug|x86
		Release|Any CPU = Release|Any CPU
		Release|x64 = Release|x64
		Release|x86 = Release|x86
	EndGlobalSection
	GlobalSection(ProjectConfigurationPlatforms) = postSolution
		{83F14A73-7EA2-4EAD-8239-03765CC44435}.Debug|Any CPU.ActiveCfg = Debug|Any CPU
		{83F14A73-7EA2-4EAD-8239-03765CC44435}.Debug|Any CPU.Build.0 = Debug|Any CPU
		{83F14A73-7EA2-4EAD-8239-03765CC44435}.Debug|x64.ActiveCfg = Debug|Any CPU
		{83F14A73-7EA2-4EAD-8239-03765CC44435}.Debug|x64.Build.0 = Debug|Any CPU
		{83F14A73-7EA2-4EAD-8239-03765CC44435}.Debug|x86.ActiveCfg = Debug|Any CPU
		{83F14A73-7EA2-4EAD-8239-03765CC44435}.Debug|x86.Build.0 = Debug|Any CPU
		{83F14A73-7EA2-4EAD-8239-03765CC44435}.Release|Any CPU.ActiveCfg = Release|Any CPU
		{83F14A73-7EA2-4EAD-8239-03765CC44435}.Release|Any CPU.Build.0 = Release|Any CPU
		{83F14A73-7EA2-4EAD-8239-03765CC44435}.Release|x64.ActiveCfg = Release|Any CPU
		{83F14A73-7EA2-4EAD-8239-03765CC44435}.Release|x64.Build.0 = Release|Any CPU
		{83F14A73-7EA2-4EAD-8239-03765CC44435}.Release|x86.ActiveCfg = Release|Any CPU
		{83F14A73-7EA2-4EAD-8239-03765CC44435}.Release|x86.Build.0 = Release|Any CPU
		{CE77803C-6353-4B17-9289-B6C62DEB391F}.Debug|Any CPU.ActiveCfg = Debug|Any CPU
		{CE77803C-6353-4B17-9289-B6C62DEB391F}.Debug|Any CPU.Build.0 = Debug|Any CPU
		{CE77803C-6353-4B17-9289-B6C62DEB391F}.Debug|x64.ActiveCfg = Debug|Any CPU
		{CE77803C-6353-4B17-9289-B6C62DEB391F}.Debug|x64.Build.0 = Debug|Any CPU
		{CE77803C-6353-4B17-9289-B6C62DEB391F}.Debug|x86.ActiveCfg = Debug|Any CPU
		{CE77803C-6353-4B17-9289-B6C62DEB391F}.Debug|x86.Build.0 = Debug|Any CPU
		{CE77803C-6353-4B17-9289-B6C62DEB391F}.Release|Any CPU.ActiveCfg = Release|Any CPU
		{CE77803C-6353-4B17-9289-B6C62DEB391F}.Release|Any CPU.Build.0 = Release|Any CPU
		{CE77803C-6353-4B17-9289-B6C62DEB391F}.Release|x64.ActiveCfg = Release|Any CPU
		{CE77803C-6353-4B17-9289-B6C62DEB391F}.Release|x64.Build.0 = Release|Any CPU
		{CE77803C-6353-4B17-9289-B6C62DEB391F}.Release|x86.ActiveCfg = Release|Any CPU
		{CE77803C-6353-4B17-9289-B6C62DEB391F}.Release|x86.Build.0 = Release|Any CPU
		{E68FE647-C3A5-4168-B904-5EA7DF0D3C09}.Debug|Any CPU.ActiveCfg = Debug|Any CPU
		{E68FE647-C3A5-4168-B904-5EA7DF0D3C09}.Debug|Any CPU.Build.0 = Debug|Any CPU
		{E68FE647-C3A5-4168-B904-5EA7DF0D3C09}.Debug|x64.ActiveCfg = Debug|Any CPU
		{E68FE647-C3A5-4168-B904-5EA7DF0D3C09}.Debug|x64.Build.0 = Debug|Any CPU
		{E68FE647-C3A5-4168-B904-5EA7DF0D3C09}.Debug|x86.ActiveCfg = Debug|Any CPU
		{E68FE647-C3A5-4168-B904-5EA7DF0D3C09}.Debug|x86.Build.0 = Debug|Any CPU
		{E68FE647-C3A5-4168-B904-5EA7DF0D3C09}.Release|Any CPU.ActiveCfg = Release|Any CPU
		{E68FE647-C3A5-4168-B904-5EA7DF0D3C09}.Release|Any CPU.Build.0 = Release|Any CPU
		{E68FE647-C3A5-4168-B904-5EA7DF0D3C09}.Release|x64.ActiveCfg = Release|Any CPU
		{E68FE647-C3A5-4168-B904-5EA7DF0D3C09}.Release|x64.Build.0 = Release|Any CPU
		{E68FE647-C3A5-4168-B904-5EA7DF0D3C09}.Release|x86.ActiveCfg = Release|Any CPU
		{E68FE647-C3A5-4168-B904-5EA7DF0D3C09}.Release|x86.Build.0 = Release|Any CPU
		{E478C04A-19CD-4F87-B91E-51E42EB88F98}.Debug|Any CPU.ActiveCfg = Debug|Any CPU
		{E478C04A-19CD-4F87-B91E-51E42EB88F98}.Debug|Any CPU.Build.0 = Debug|Any CPU
		{E478C04A-19CD-4F87-B91E-51E42EB88F98}.Debug|x64.ActiveCfg = Debug|Any CPU
		{E478C04A-19CD-4F87-B91E-51E42EB88F98}.Debug|x64.Build.0 = Debug|Any CPU
		{E478C04A-19CD-4F87-B91E-51E42EB88F98}.Debug|x86.ActiveCfg = Debug|Any CPU
		{E478C04A-19CD-4F87-B91E-51E42EB88F98}.Debug|x86.Build.0 = Debug|Any CPU
		{E478C04A-19CD-4F87-B91E-51E42EB88F98}.Release|Any CPU.ActiveCfg = Release|Any CPU
		{E478C04A-19CD-4F87-B91E-51E42EB88F98}.Release|Any CPU.Build.0 = Release|Any CPU
		{E478C04A-19CD-4F87-B91E-51E42EB88F98}.Release|x64.ActiveCfg = Release|Any CPU
		{E478C04A-19CD-4F87-B91E-51E42EB88F98}.Release|x64.Build.0 = Release|Any CPU
		{E478C04A-19CD-4F87-B91E-51E42EB88F98}.Release|x86.ActiveCfg = Release|Any CPU
		{E478C04A-19CD-4F87-B91E-51E42EB88F98}.Release|x86.Build.0 = Release|Any CPU
		{4B573F06-B754-465F-B94B-94C4BF1D5012}.Debug|Any CPU.ActiveCfg = Debug|Any CPU
		{4B573F06-B754-465F-B94B-94C4BF1D5012}.Debug|Any CPU.Build.0 = Debug|Any CPU
		{4B573F06-B754-465F-B94B-94C4BF1D5012}.Debug|x64.ActiveCfg = Debug|Any CPU
		{4B573F06-B754-465F-B94B-94C4BF1D5012}.Debug|x64.Build.0 = Debug|Any CPU
		{4B573F06-B754-465F-B94B-94C4BF1D5012}.Debug|x86.ActiveCfg = Debug|Any CPU
		{4B573F06-B754-465F-B94B-94C4BF1D5012}.Debug|x86.Build.0 = Debug|Any CPU
		{4B573F06-B754-465F-B94B-94C4BF1D5012}.Release|Any CPU.ActiveCfg = Release|Any CPU
		{4B573F06-B754-465F-B94B-94C4BF1D5012}.Release|Any CPU.Build.0 = Release|Any CPU
		{4B573F06-B754-465F-B94B-94C4BF1D5012}.Release|x64.ActiveCfg = Release|Any CPU
		{4B573F06-B754-465F-B94B-94C4BF1D5012}.Release|x64.Build.0 = Release|Any CPU
		{4B573F06-B754-465F-B94B-94C4BF1D5012}.Release|x86.ActiveCfg = Release|Any CPU
		{4B573F06-B754-465F-B94B-94C4BF1D5012}.Release|x86.Build.0 = Release|Any CPU
	EndGlobalSection
	GlobalSection(SolutionProperties) = preSolution
		HideSolutionNode = FALSE
	EndGlobalSection
	GlobalSection(NestedProjects) = preSolution
		{E478C04A-19CD-4F87-B91E-51E42EB88F98} = {A63E199D-B4EB-4C36-9F96-6262DDD18CD2}
		{4B573F06-B754-465F-B94B-94C4BF1D5012} = {A63E199D-B4EB-4C36-9F96-6262DDD18CD2}
	EndGlobalSection
EndGlobal
